
Microsoft Visual Studio Solution File, Format Version 12.00
# Visual Studio Version 17
VisualStudioVersion = 17.10.34814.14
MinimumVisualStudioVersion = 10.0.40219.1
Project("{2150E333-8FDC-42A3-9474-1A3956D46DE8}") = "src", "src", "{D2C48892-B1D7-4C7E-B82E-B059CAD9B95F}"
EndProject
Project("{9A19103F-16F7-4668-BE54-9A1E7A4F7556}") = "mem0.NET", "src\mem0.NET\mem0.NET.csproj", "{E33A18E4-609D-4565-89B3-03F83D8810D3}"
EndProject
Project("{2150E333-8FDC-42A3-9474-1A3956D46DE8}") = "Solution Items", "Solution Items", "{FEF09AD0-B151-43C4-BD2F-36B9631A7F53}"
	ProjectSection(SolutionItems) = preProject
		Directory.Build.props = Directory.Build.props
		docker-compose.yml = docker-compose.yml
	EndProjectSection
EndProject
Project("{9A19103F-16F7-4668-BE54-9A1E7A4F7556}") = "mem0.NET.Qdrant", "src\mem0.NET.Qdrant\mem0.NET.Qdrant.csproj", "{F6D8FF6D-7376-479B-B673-DCC0BE715336}"
EndProject
Project("{9A19103F-16F7-4668-BE54-9A1E7A4F7556}") = "mem0.NET.Service", "src\mem0.NET.Service\mem0.NET.Service.csproj", "{4755664B-6109-441B-97D6-1EE3117533EF}"
EndProject
Project("{FAE04EC0-301F-11D3-BF4B-00C04F79EFBC}") = "mem0.EntityFrameworkCore", "src\mem0.EntityFrameworkCore\mem0.EntityFrameworkCore.csproj", "{CA082B78-CFE1-4DF4-9677-ABB8699F9F84}"
EndProject
Project("{FAE04EC0-301F-11D3-BF4B-00C04F79EFBC}") = "mem0.FreeSql", "src\mem0.FreeSql\mem0.FreeSql.csproj", "{A7307A53-EF79-43E1-BB69-7B64D7B409C3}"
EndProject
Global
	GlobalSection(SolutionConfigurationPlatforms) = preSolution
		Debug|Any CPU = Debug|Any CPU
		Release|Any CPU = Release|Any CPU
	EndGlobalSection
	GlobalSection(ProjectConfigurationPlatforms) = postSolution
		{E33A18E4-609D-4565-89B3-03F83D8810D3}.Debug|Any CPU.ActiveCfg = Debug|Any CPU
		{E33A18E4-609D-4565-89B3-03F83D8810D3}.Debug|Any CPU.Build.0 = Debug|Any CPU
		{E33A18E4-609D-4565-89B3-03F83D8810D3}.Release|Any CPU.ActiveCfg = Release|Any CPU
		{E33A18E4-609D-4565-89B3-03F83D8810D3}.Release|Any CPU.Build.0 = Release|Any CPU
		{F6D8FF6D-7376-479B-B673-DCC0BE715336}.Debug|Any CPU.ActiveCfg = Debug|Any CPU
		{F6D8FF6D-7376-479B-B673-DCC0BE715336}.Debug|Any CPU.Build.0 = Debug|Any CPU
		{F6D8FF6D-7376-479B-B673-DCC0BE715336}.Release|Any CPU.ActiveCfg = Release|Any CPU
		{F6D8FF6D-7376-479B-B673-DCC0BE715336}.Release|Any CPU.Build.0 = Release|Any CPU
		{4755664B-6109-441B-97D6-1EE3117533EF}.Debug|Any CPU.ActiveCfg = Debug|Any CPU
		{4755664B-6109-441B-97D6-1EE3117533EF}.Debug|Any CPU.Build.0 = Debug|Any CPU
		{4755664B-6109-441B-97D6-1EE3117533EF}.Release|Any CPU.ActiveCfg = Release|Any CPU
		{4755664B-6109-441B-97D6-1EE3117533EF}.Release|Any CPU.Build.0 = Release|Any CPU
		{CA082B78-CFE1-4DF4-9677-ABB8699F9F84}.Debug|Any CPU.ActiveCfg = Debug|Any CPU
		{CA082B78-CFE1-4DF4-9677-ABB8699F9F84}.Debug|Any CPU.Build.0 = Debug|Any CPU
		{CA082B78-CFE1-4DF4-9677-ABB8699F9F84}.Release|Any CPU.ActiveCfg = Release|Any CPU
		{CA082B78-CFE1-4DF4-9677-ABB8699F9F84}.Release|Any CPU.Build.0 = Release|Any CPU
		{A7307A53-EF79-43E1-BB69-7B64D7B409C3}.Debug|Any CPU.ActiveCfg = Debug|Any CPU
		{A7307A53-EF79-43E1-BB69-7B64D7B409C3}.Debug|Any CPU.Build.0 = Debug|Any CPU
		{A7307A53-EF79-43E1-BB69-7B64D7B409C3}.Release|Any CPU.ActiveCfg = Release|Any CPU
		{A7307A53-EF79-43E1-BB69-7B64D7B409C3}.Release|Any CPU.Build.0 = Release|Any CPU
	EndGlobalSection
	GlobalSection(SolutionProperties) = preSolution
		HideSolutionNode = FALSE
	EndGlobalSection
	GlobalSection(NestedProjects) = preSolution
		{E33A18E4-609D-4565-89B3-03F83D8810D3} = {D2C48892-B1D7-4C7E-B82E-B059CAD9B95F}
		{F6D8FF6D-7376-479B-B673-DCC0BE715336} = {D2C48892-B1D7-4C7E-B82E-B059CAD9B95F}
		{4755664B-6109-441B-97D6-1EE3117533EF} = {D2C48892-B1D7-4C7E-B82E-B059CAD9B95F}
		{CA082B78-CFE1-4DF4-9677-ABB8699F9F84} = {D2C48892-B1D7-4C7E-B82E-B059CAD9B95F}
		{A7307A53-EF79-43E1-BB69-7B64D7B409C3} = {D2C48892-B1D7-4C7E-B82E-B059CAD9B95F}
	EndGlobalSection
EndGlobal
