
Microsoft Visual Studio Solution File, Format Version 12.00
Project("{2150E333-8FDC-42A3-9474-1A3956D46DE8}") = "src", "src", "{434A69EE-06B7-4233-BDF1-C08FE6678930}"
EndProject
Project("{FAE04EC0-301F-11D3-BF4B-00C04F79EFBC}") = "Mem0.NET", "src\Mem0.NET\Mem0.NET.csproj", "{57D11505-92FF-42B5-8EB9-401433771EFC}"
EndProject
Project("{2150E333-8FDC-42A3-9474-1A3956D46DE8}") = "Solution Items", "Solution Items", "{102A7AA1-8EEE-4FB0-8198-56FC7CB9B4DB}"
	ProjectSection(SolutionItems) = preProject
		Directory.Build.props = Directory.Build.props
		docker-compose.yaml = docker-compose.yaml
		.env = .env
		.env.example = .env.example
		.gitignore = .gitignore
	EndProjectSection
EndProject
Project("{2150E333-8FDC-42A3-9474-1A3956D46DE8}") = "samples", "samples", "{17182FEA-4962-4AB6-91D6-50E2F2D8F9B8}"
EndProject
Project("{FAE04EC0-301F-11D3-BF4B-00C04F79EFBC}") = "Mem0Console", "samples\Mem0Console\Mem0Console.csproj", "{5FD848EE-2BD0-4D00-BCE5-23B8277F618D}"
EndProject
Global
	GlobalSection(SolutionConfigurationPlatforms) = preSolution
		Debug|Any CPU = Debug|Any CPU
		Release|Any CPU = Release|Any CPU
	EndGlobalSection
	GlobalSection(NestedProjects) = preSolution
		{57D11505-92FF-42B5-8EB9-401433771EFC} = {434A69EE-06B7-4233-BDF1-C08FE6678930}
		{5FD848EE-2BD0-4D00-BCE5-23B8277F618D} = {17182FEA-4962-4AB6-91D6-50E2F2D8F9B8}
	EndGlobalSection
	GlobalSection(ProjectConfigurationPlatforms) = postSolution
		{57D11505-92FF-42B5-8EB9-401433771EFC}.Debug|Any CPU.ActiveCfg = Debug|Any CPU
		{57D11505-92FF-42B5-8EB9-401433771EFC}.Debug|Any CPU.Build.0 = Debug|Any CPU
		{57D11505-92FF-42B5-8EB9-401433771EFC}.Release|Any CPU.ActiveCfg = Release|Any CPU
		{57D11505-92FF-42B5-8EB9-401433771EFC}.Release|Any CPU.Build.0 = Release|Any CPU
		{5FD848EE-2BD0-4D00-BCE5-23B8277F618D}.Debug|Any CPU.ActiveCfg = Debug|Any CPU
		{5FD848EE-2BD0-4D00-BCE5-23B8277F618D}.Debug|Any CPU.Build.0 = Debug|Any CPU
		{5FD848EE-2BD0-4D00-BCE5-23B8277F618D}.Release|Any CPU.ActiveCfg = Release|Any CPU
		{5FD848EE-2BD0-4D00-BCE5-23B8277F618D}.Release|Any CPU.Build.0 = Release|Any CPU
	EndGlobalSection
EndGlobal
